
Microsoft Visual Studio Solution File, Format Version 12.00
# Visual Studio Version 17
VisualStudioVersion = 17.5.33530.505
MinimumVisualStudioVersion = 10.0.40219.1
Project("{FAE04EC0-301F-11D3-BF4B-00C04F79EFBC}") = "FINAL PROJECT", "FINAL PROJECT\FINAL PROJECT.csproj", "{C63713BA-40F8-4CEE-B461-E839552CC10A}"
EndProject
Global
	GlobalSection(SolutionConfigurationPlatforms) = preSolution
		Debug|Any CPU = Debug|Any CPU
		Release|Any CPU = Release|Any CPU
	EndGlobalSection
	GlobalSection(ProjectConfigurationPlatforms) = postSolution
		{C63713BA-40F8-4CEE-B461-E839552CC10A}.Debug|Any CPU.ActiveCfg = Debug|Any CPU
		{C63713BA-40F8-4CEE-B461-E839552CC10A}.Debug|Any CPU.Build.0 = Debug|Any CPU
		{C63713BA-40F8-4CEE-B461-E839552CC10A}.Release|Any CPU.ActiveCfg = Release|Any CPU
		{C63713BA-40F8-4CEE-B461-E839552CC10A}.Release|Any CPU.Build.0 = Release|Any CPU
	EndGlobalSection
	GlobalSection(SolutionProperties) = preSolution
		HideSolutionNode = FALSE
	EndGlobalSection
	GlobalSection(ExtensibilityGlobals) = postSolution
		SolutionGuid = {6778BD63-EF10-4FB5-BE38-24B3F573B126}
	EndGlobalSection
EndGlobal
